{
  "name": "cram",
  "version": "0.1.0",
  "lockfileVersion": 3,
  "requires": true,
  "packages": {
    "": {
      "name": "cram",
      "version": "0.1.0",
      "license": "MIT",
      "dependencies": {
        "hanzi": "^2.1.5"
      },
      "engines": {
        "node": "22.18.0"
      }
    },
    "node_modules/hanzi": {
      "version": "2.1.5",
      "resolved": "https://registry.npmjs.org/hanzi/-/hanzi-2.1.5.tgz",
      "integrity": "sha512-kXLmMV39QStRX0L1VH7j+5sz8VvTWD2Igx4htQwicCopPZGCWXAqavbb+jG0kFVllGcE89K7pv2UvD+pURzwYQ==",
      "license": "MIT"
    }
  }
}
